{
  "name": "celebrare assignment",
  "lockfileVersion": 2,
  "requires": true,
  "packages": {
    "": {
      "dependencies": {
        "cropperjs": "^2.0.0-beta.2"
      }
    },
    "node_modules/@cropper/element": {
      "version": "2.0.0-beta.2",
      "resolved": "https://registry.npmjs.org/@cropper/element/-/element-2.0.0-beta.2.tgz",
      "integrity": "sha512-i3wfelk5d4MLNgAcQpRa/jOaxWAcDLRAUkiHmU6CMl7xvOAD/4TFQGB3qSpzgx3NK4hUDLn80/gp7gM2nvrBWg==",
      "dependencies": {
        "@cropper/utils": "^2.0.0-beta.2"
      }
    },
    "node_modules/@cropper/element-canvas": {
      "version": "2.0.0-beta.2",
      "resolved": "https://registry.npmjs.org/@cropper/element-canvas/-/element-canvas-2.0.0-beta.2.tgz",
      "integrity": "sha512-LZcnMwv7M3ZxUKX9YrYGxqbf8YsYfeIUFREaB/IkKsm7E7ASaDrrjdc996QYMjdjUNcWdJjxhsoucPNEvl/DXA==",
      "dependencies": {
        "@cropper/element": "^2.0.0-beta.2",
        "@cropper/utils": "^2.0.0-beta.2"
      }
    },
    "node_modules/@cropper/element-crosshair": {
      "version": "2.0.0-beta.2",
      "resolved": "https://registry.npmjs.org/@cropper/element-crosshair/-/element-crosshair-2.0.0-beta.2.tgz",
      "integrity": "sha512-kBxZ2zZ7uR7XlQcnUbudq7562XwtTOqbGNYg5VWem/ukcAAKwYmPlapNlv7n228DSUGEz5FxKW8GSwLucJlQ0Q==",
      "dependencies": {
        "@cropper/element": "^2.0.0-beta.2",
        "@cropper/utils": "^2.0.0-beta.2"
      }
    },
    "node_modules/@cropper/element-grid": {
      "version": "2.0.0-beta.2",
      "resolved": "https://registry.npmjs.org/@cropper/element-grid/-/element-grid-2.0.0-beta.2.tgz",
      "integrity": "sha512-rWMOjlj+eq9L2oxAthNYdGxbV3sYyV+tra6VAuooZl+RbdQZ9XCnG0Pitb/RfgPZb860ia0q8biE5zEq4Uc8fA==",
      "dependencies": {
        "@cropper/element": "^2.0.0-beta.2",
        "@cropper/utils": "^2.0.0-beta.2"
      }
    },
    "node_modules/@cropper/element-handle": {
      "version": "2.0.0-beta.2",
      "resolved": "https://registry.npmjs.org/@cropper/element-handle/-/element-handle-2.0.0-beta.2.tgz",
      "integrity": "sha512-IAFyqldnB57ZGzvf3VuE7Y9UAaq9IMmun15v17cAWX1q4ZCVqdFrugAWpRF+V5WgHBL2doxHUOQlfy7LznzRmg==",
      "dependencies": {
        "@cropper/element": "^2.0.0-beta.2",
        "@cropper/utils": "^2.0.0-beta.2"
      }
    },
    "node_modules/@cropper/element-image": {
      "version": "2.0.0-beta.2",
      "resolved": "https://registry.npmjs.org/@cropper/element-image/-/element-image-2.0.0-beta.2.tgz",
      "integrity": "sha512-FgYb+GfcxdewH6VKgw6Ltws8fw3TSP8d0HMH/WZubBC2w/NNAvp92EonwgjDoTLEFFJKbj5P2aKTFY0aO70R0Q==",
      "dependencies": {
        "@cropper/element": "^2.0.0-beta.2",
        "@cropper/element-canvas": "^2.0.0-beta.2",
        "@cropper/utils": "^2.0.0-beta.2"
      }
    },
    "node_modules/@cropper/element-selection": {
      "version": "2.0.0-beta.2",
      "resolved": "https://registry.npmjs.org/@cropper/element-selection/-/element-selection-2.0.0-beta.2.tgz",
      "integrity": "sha512-O/fxpJe/WB5H+mELSVfp4tOAAa7yMVa+wn35DCRxaDPb/1Um55E7OT1G3puAL9Elm7NFA/CCMYuHohl9emE25A==",
      "dependencies": {
        "@cropper/element": "^2.0.0-beta.2",
        "@cropper/element-canvas": "^2.0.0-beta.2",
        "@cropper/element-image": "^2.0.0-beta.2",
        "@cropper/utils": "^2.0.0-beta.2"
      }
    },
    "node_modules/@cropper/element-shade": {
      "version": "2.0.0-beta.2",
      "resolved": "https://registry.npmjs.org/@cropper/element-shade/-/element-shade-2.0.0-beta.2.tgz",
      "integrity": "sha512-aY5RP2ygteq51ZDU3+rAj+f+0hSgEf+vRAdJ1YO2bJ1n25TpOaz2klO5COdHxn3unLVjYK97khIZGs7ClbV0rQ==",
      "dependencies": {
        "@cropper/element": "^2.0.0-beta.2",
        "@cropper/element-canvas": "^2.0.0-beta.2",
        "@cropper/element-selection": "^2.0.0-beta.2",
        "@cropper/utils": "^2.0.0-beta.2"
      }
    },
    "node_modules/@cropper/element-viewer": {
      "version": "2.0.0-beta.2",
      "resolved": "https://registry.npmjs.org/@cropper/element-viewer/-/element-viewer-2.0.0-beta.2.tgz",
      "integrity": "sha512-/2BhLFr2Ti5LnRvcIlLlR3NDSF3x9w9BvYukFbnCxoTLIbGvwM02YQV2Qx+al8C0mBoW0ab6uF5ykl6W8i9WkQ==",
      "dependencies": {
        "@cropper/element": "^2.0.0-beta.2",
        "@cropper/element-canvas": "^2.0.0-beta.2",
        "@cropper/element-image": "^2.0.0-beta.2",
        "@cropper/element-selection": "^2.0.0-beta.2",
        "@cropper/utils": "^2.0.0-beta.2"
      }
    },
    "node_modules/@cropper/elements": {
      "version": "2.0.0-beta.2",
      "resolved": "https://registry.npmjs.org/@cropper/elements/-/elements-2.0.0-beta.2.tgz",
      "integrity": "sha512-l08CmeOvLJ8XLJ95OQ+kSHSbf7+pHcsu3pvQYjustbrUj0H1vzBiWT8VygPjkCUMoVIfsBpYmBNpWVGJvjoy2Q==",
      "dependencies": {
        "@cropper/element": "^2.0.0-beta.2",
        "@cropper/element-canvas": "^2.0.0-beta.2",
        "@cropper/element-crosshair": "^2.0.0-beta.2",
        "@cropper/element-grid": "^2.0.0-beta.2",
        "@cropper/element-handle": "^2.0.0-beta.2",
        "@cropper/element-image": "^2.0.0-beta.2",
        "@cropper/element-selection": "^2.0.0-beta.2",
        "@cropper/element-shade": "^2.0.0-beta.2",
        "@cropper/element-viewer": "^2.0.0-beta.2"
      }
    },
    "node_modules/@cropper/utils": {
      "version": "2.0.0-beta.2",
      "resolved": "https://registry.npmjs.org/@cropper/utils/-/utils-2.0.0-beta.2.tgz",
      "integrity": "sha512-RJu5IWzH6vcygwLsx9KEqzwjnEqApPkSFViMzxCRbe0IuAXt2ZlSUmYKgLFZY+YJIdaZ+/P7PwiUcZ7GYH3Msw=="
    },
    "node_modules/cropperjs": {
      "version": "2.0.0-beta.2",
      "resolved": "https://registry.npmjs.org/cropperjs/-/cropperjs-2.0.0-beta.2.tgz",
      "integrity": "sha512-jDRSODDGKmi9vp3p/+WXkxMqV/AE+GpSld1U3cHZDRdLy9UykRzurSe8k1dR0TExn45ygCMrv31qkg+K3EeXXw==",
      "dependencies": {
        "@cropper/elements": "^2.0.0-beta.2",
        "@cropper/utils": "^2.0.0-beta.2"
      }
    }
  },
  "dependencies": {
    "@cropper/element": {
      "version": "2.0.0-beta.2",
      "resolved": "https://registry.npmjs.org/@cropper/element/-/element-2.0.0-beta.2.tgz",
      "integrity": "sha512-i3wfelk5d4MLNgAcQpRa/jOaxWAcDLRAUkiHmU6CMl7xvOAD/4TFQGB3qSpzgx3NK4hUDLn80/gp7gM2nvrBWg==",
      "requires": {
        "@cropper/utils": "^2.0.0-beta.2"
      }
    },
    "@cropper/element-canvas": {
      "version": "2.0.0-beta.2",
      "resolved": "https://registry.npmjs.org/@cropper/element-canvas/-/element-canvas-2.0.0-beta.2.tgz",
      "integrity": "sha512-LZcnMwv7M3ZxUKX9YrYGxqbf8YsYfeIUFREaB/IkKsm7E7ASaDrrjdc996QYMjdjUNcWdJjxhsoucPNEvl/DXA==",
      "requires": {
        "@cropper/element": "^2.0.0-beta.2",
        "@cropper/utils": "^2.0.0-beta.2"
      }
    },
    "@cropper/element-crosshair": {
      "version": "2.0.0-beta.2",
      "resolved": "https://registry.npmjs.org/@cropper/element-crosshair/-/element-crosshair-2.0.0-beta.2.tgz",
      "integrity": "sha512-kBxZ2zZ7uR7XlQcnUbudq7562XwtTOqbGNYg5VWem/ukcAAKwYmPlapNlv7n228DSUGEz5FxKW8GSwLucJlQ0Q==",
      "requires": {
        "@cropper/element": "^2.0.0-beta.2",
        "@cropper/utils": "^2.0.0-beta.2"
      }
    },
    "@cropper/element-grid": {
      "version": "2.0.0-beta.2",
      "resolved": "https://registry.npmjs.org/@cropper/element-grid/-/element-grid-2.0.0-beta.2.tgz",
      "integrity": "sha512-rWMOjlj+eq9L2oxAthNYdGxbV3sYyV+tra6VAuooZl+RbdQZ9XCnG0Pitb/RfgPZb860ia0q8biE5zEq4Uc8fA==",
      "requires": {
        "@cropper/element": "^2.0.0-beta.2",
        "@cropper/utils": "^2.0.0-beta.2"
      }
    },
    "@cropper/element-handle": {
      "version": "2.0.0-beta.2",
      "resolved": "https://registry.npmjs.org/@cropper/element-handle/-/element-handle-2.0.0-beta.2.tgz",
      "integrity": "sha512-IAFyqldnB57ZGzvf3VuE7Y9UAaq9IMmun15v17cAWX1q4ZCVqdFrugAWpRF+V5WgHBL2doxHUOQlfy7LznzRmg==",
      "requires": {
        "@cropper/element": "^2.0.0-beta.2",
        "@cropper/utils": "^2.0.0-beta.2"
      }
    },
    "@cropper/element-image": {
      "version": "2.0.0-beta.2",
      "resolved": "https://registry.npmjs.org/@cropper/element-image/-/element-image-2.0.0-beta.2.tgz",
      "integrity": "sha512-FgYb+GfcxdewH6VKgw6Ltws8fw3TSP8d0HMH/WZubBC2w/NNAvp92EonwgjDoTLEFFJKbj5P2aKTFY0aO70R0Q==",
      "requires": {
        "@cropper/element": "^2.0.0-beta.2",
        "@cropper/element-canvas": "^2.0.0-beta.2",
        "@cropper/utils": "^2.0.0-beta.2"
      }
    },
    "@cropper/element-selection": {
      "version": "2.0.0-beta.2",
      "resolved": "https://registry.npmjs.org/@cropper/element-selection/-/element-selection-2.0.0-beta.2.tgz",
      "integrity": "sha512-O/fxpJe/WB5H+mELSVfp4tOAAa7yMVa+wn35DCRxaDPb/1Um55E7OT1G3puAL9Elm7NFA/CCMYuHohl9emE25A==",
      "requires": {
        "@cropper/element": "^2.0.0-beta.2",
        "@cropper/element-canvas": "^2.0.0-beta.2",
        "@cropper/element-image": "^2.0.0-beta.2",
        "@cropper/utils": "^2.0.0-beta.2"
      }
    },
    "@cropper/element-shade": {
      "version": "2.0.0-beta.2",
      "resolved": "https://registry.npmjs.org/@cropper/element-shade/-/element-shade-2.0.0-beta.2.tgz",
      "integrity": "sha512-aY5RP2ygteq51ZDU3+rAj+f+0hSgEf+vRAdJ1YO2bJ1n25TpOaz2klO5COdHxn3unLVjYK97khIZGs7ClbV0rQ==",
      "requires": {
        "@cropper/element": "^2.0.0-beta.2",
        "@cropper/element-canvas": "^2.0.0-beta.2",
        "@cropper/element-selection": "^2.0.0-beta.2",
        "@cropper/utils": "^2.0.0-beta.2"
      }
    },
    "@cropper/element-viewer": {
      "version": "2.0.0-beta.2",
      "resolved": "https://registry.npmjs.org/@cropper/element-viewer/-/element-viewer-2.0.0-beta.2.tgz",
      "integrity": "sha512-/2BhLFr2Ti5LnRvcIlLlR3NDSF3x9w9BvYukFbnCxoTLIbGvwM02YQV2Qx+al8C0mBoW0ab6uF5ykl6W8i9WkQ==",
      "requires": {
        "@cropper/element": "^2.0.0-beta.2",
        "@cropper/element-canvas": "^2.0.0-beta.2",
        "@cropper/element-image": "^2.0.0-beta.2",
        "@cropper/element-selection": "^2.0.0-beta.2",
        "@cropper/utils": "^2.0.0-beta.2"
      }
    },
    "@cropper/elements": {
      "version": "2.0.0-beta.2",
      "resolved": "https://registry.npmjs.org/@cropper/elements/-/elements-2.0.0-beta.2.tgz",
      "integrity": "sha512-l08CmeOvLJ8XLJ95OQ+kSHSbf7+pHcsu3pvQYjustbrUj0H1vzBiWT8VygPjkCUMoVIfsBpYmBNpWVGJvjoy2Q==",
      "requires": {
        "@cropper/element": "^2.0.0-beta.2",
        "@cropper/element-canvas": "^2.0.0-beta.2",
        "@cropper/element-crosshair": "^2.0.0-beta.2",
        "@cropper/element-grid": "^2.0.0-beta.2",
        "@cropper/element-handle": "^2.0.0-beta.2",
        "@cropper/element-image": "^2.0.0-beta.2",
        "@cropper/element-selection": "^2.0.0-beta.2",
        "@cropper/element-shade": "^2.0.0-beta.2",
        "@cropper/element-viewer": "^2.0.0-beta.2"
      }
    },
    "@cropper/utils": {
      "version": "2.0.0-beta.2",
      "resolved": "https://registry.npmjs.org/@cropper/utils/-/utils-2.0.0-beta.2.tgz",
      "integrity": "sha512-RJu5IWzH6vcygwLsx9KEqzwjnEqApPkSFViMzxCRbe0IuAXt2ZlSUmYKgLFZY+YJIdaZ+/P7PwiUcZ7GYH3Msw=="
    },
    "cropperjs": {
      "version": "2.0.0-beta.2",
      "resolved": "https://registry.npmjs.org/cropperjs/-/cropperjs-2.0.0-beta.2.tgz",
      "integrity": "sha512-jDRSODDGKmi9vp3p/+WXkxMqV/AE+GpSld1U3cHZDRdLy9UykRzurSe8k1dR0TExn45ygCMrv31qkg+K3EeXXw==",
      "requires": {
        "@cropper/elements": "^2.0.0-beta.2",
        "@cropper/utils": "^2.0.0-beta.2"
      }
    }
  }
}
